{
  "name": "ffi",
  "lockfileVersion": 3,
  "requires": true,
  "packages": {
    "": {
      "dependencies": {
        "vscode-jsonrpc": "^9.0.0"
      }
    },
    "node_modules/vscode-jsonrpc": {
      "version": "9.0.0",
      "resolved": "https://registry.npmjs.org/vscode-jsonrpc/-/vscode-jsonrpc-9.0.0.tgz",
      "integrity": "sha512-+VvMmQPJhtvJ+8O+zu2JKIRiLxXF8NW7krWgyMGeOHrp4Cn23T5hc0v2LknNeopDOB70wghHAds7mKtcZ0I4Sg==",
      "license": "MIT",
      "engines": {
        "node": ">=14.0.0"
      }
    }
  }
}
